# generated by rye
# use `rye lock` or `rye sync` to update this lockfile
#
# last locked with the following flags:
#   pre: false
#   features: []
#   all-features: false
#   with-sources: false

-e file:.
anyio==4.6.0
    # via httpx
certifi==2024.8.30
    # via httpcore
    # via httpx
coloredlogs==15.0.1
    # via onnxruntime
ddddocr==1.5.5
    # via tju
exceptiongroup==1.2.2
    # via anyio
fake-useragent==1.5.1
    # via tju
flatbuffers==24.3.25
    # via onnxruntime
h11==0.14.0
    # via httpcore
httpcore==1.0.5
    # via httpx
httpx==0.27.2
    # via tju
humanfriendly==10.0
    # via coloredlogs
idna==3.10
    # via anyio
    # via httpx
importlib-metadata==8.5.0
    # via typeguard
importlib-resources==6.4.5
    # via fake-useragent
marshmallow==3.22.0
    # via marshmallow-dataclass
    # via tju
marshmallow-dataclass==8.7.1
    # via tju
mpmath==1.3.0
    # via sympy
mypy-extensions==1.0.0
    # via typing-inspect
numpy==2.0.2
    # via ddddocr
    # via onnxruntime
    # via opencv-python-headless
onnxruntime==1.19.2
    # via ddddocr
opencv-python-headless==4.10.0.84
    # via ddddocr
packaging==24.1
    # via marshmallow
    # via onnxruntime
pillow==10.4.0
    # via ddddocr
protobuf==5.28.2
    # via onnxruntime
pyexecjs==1.5.1
    # via tju
six==1.16.0
    # via pyexecjs
sniffio==1.3.1
    # via anyio
    # via httpx
sympy==1.13.3
    # via onnxruntime
typeguard==4.3.0
    # via marshmallow-dataclass
typing-extensions==4.12.2
    # via anyio
    # via marshmallow-dataclass
    # via typeguard
    # via typing-inspect
typing-inspect==0.9.0
    # via marshmallow-dataclass
zipp==3.20.2
    # via importlib-metadata
    # via importlib-resources
