# generated by rye
# use `rye lock` or `rye sync` to update this lockfile
#
# last locked with the following flags:
#   pre: false
#   features: []
#   all-features: true
#   with-sources: false
#   generate-hashes: false
#   universal: false

-e file:.
anyio==4.6.0
beautifulsoup4==4.12.3
certifi==2024.8.30
coloredlogs==15.0.1
ddddocr==1.5.5
exceptiongroup==1.2.2
fake-useragent==1.5.1
flatbuffers==24.3.25
h11==0.14.0
httpcore==1.0.5
httpx==0.27.2
humanfriendly==10.0
idna==3.10
importlib-metadata==8.5.0
importlib-resources==6.4.5
iniconfig==2.0.0
markdownify==0.13.1
marshmallow==3.22.0
marshmallow-dataclass==8.7.1
mpmath==1.3.0
mypy-extensions==1.0.0
numpy==2.0.2
onnxruntime==1.19.2
opencv-python-headless==4.10.0.84
packaging==24.1
pillow==10.4.0
pluggy==1.5.0
protobuf==5.28.2
pyexecjs==1.5.1
pytest==8.3.3
six==1.16.0
sniffio==1.3.1
soupsieve==2.6
sympy==1.13.3
tomli==2.0.1
typeguard==4.3.0
typing-extensions==4.12.2
typing-inspect==0.9.0
zipp==3.20.2
